
Microsoft Visual Studio Solution File, Format Version 12.00
# Visual Studio Version 17
VisualStudioVersion = 17.3.32825.248
MinimumVisualStudioVersion = 10.0.40219.1
Project("{FAE04EC0-301F-11D3-BF4B-00C04F79EFBC}") = "MyWebServiceREST", "MyWebServiceREST.csproj", "{71420854-4483-4D63-BE91-3A63E4E94F64}"
EndProject
Global
	GlobalSection(SolutionConfigurationPlatforms) = preSolution
		Debug|Any CPU = Debug|Any CPU
		Release|Any CPU = Release|Any CPU
	EndGlobalSection
	GlobalSection(ProjectConfigurationPlatforms) = postSolution
		{71420854-4483-4D63-BE91-3A63E4E94F64}.Debug|Any CPU.ActiveCfg = Debug|Any CPU
		{71420854-4483-4D63-BE91-3A63E4E94F64}.Debug|Any CPU.Build.0 = Debug|Any CPU
		{71420854-4483-4D63-BE91-3A63E4E94F64}.Release|Any CPU.ActiveCfg = Release|Any CPU
		{71420854-4483-4D63-BE91-3A63E4E94F64}.Release|Any CPU.Build.0 = Release|Any CPU
	EndGlobalSection
	GlobalSection(SolutionProperties) = preSolution
		HideSolutionNode = FALSE
	EndGlobalSection
	GlobalSection(ExtensibilityGlobals) = postSolution
		SolutionGuid = {B850F19D-9A55-499F-9E00-453B2EA7C906}
	EndGlobalSection
EndGlobal
